
Microsoft Visual Studio Solution File, Format Version 12.00
# Visual Studio Version 16
VisualStudioVersion = 16.0.31019.35
MinimumVisualStudioVersion = 10.0.40219.1
Project("{8BC9CEB8-8B4A-11D0-8D11-00A0C91BC942}") = "4", "4.vcxproj", "{A41D4F92-186E-46FC-90A4-E89FAC071218}"
EndProject
Global
	GlobalSection(SolutionConfigurationPlatforms) = preSolution
		Debug|x64 = Debug|x64
		Debug|x86 = Debug|x86
		Release|x64 = Release|x64
		Release|x86 = Release|x86
	EndGlobalSection
	GlobalSection(ProjectConfigurationPlatforms) = postSolution
		{A41D4F92-186E-46FC-90A4-E89FAC071218}.Debug|x64.ActiveCfg = Debug|x64
		{A41D4F92-186E-46FC-90A4-E89FAC071218}.Debug|x64.Build.0 = Debug|x64
		{A41D4F92-186E-46FC-90A4-E89FAC071218}.Debug|x86.ActiveCfg = Debug|Win32
		{A41D4F92-186E-46FC-90A4-E89FAC071218}.Debug|x86.Build.0 = Debug|Win32
		{A41D4F92-186E-46FC-90A4-E89FAC071218}.Release|x64.ActiveCfg = Release|x64
		{A41D4F92-186E-46FC-90A4-E89FAC071218}.Release|x64.Build.0 = Release|x64
		{A41D4F92-186E-46FC-90A4-E89FAC071218}.Release|x86.ActiveCfg = Release|Win32
		{A41D4F92-186E-46FC-90A4-E89FAC071218}.Release|x86.Build.0 = Release|Win32
	EndGlobalSection
	GlobalSection(SolutionProperties) = preSolution
		HideSolutionNode = FALSE
	EndGlobalSection
	GlobalSection(ExtensibilityGlobals) = postSolution
		SolutionGuid = {0370E044-EFB5-4886-8426-B415A74F9D60}
	EndGlobalSection
EndGlobal
